
Microsoft Visual Studio Solution File, Format Version 12.00
# Visual Studio Version 16
VisualStudioVersion = 16.0.31424.327
MinimumVisualStudioVersion = 10.0.40219.1
Project("{FAE04EC0-301F-11D3-BF4B-00C04F79EFBC}") = "PrimoProgetto", "PrimoProgetto\PrimoProgetto.csproj", "{D2840CEA-5E0B-4474-B74F-B5E0F868EF69}"
EndProject
Global
	GlobalSection(SolutionConfigurationPlatforms) = preSolution
		Debug|Any CPU = Debug|Any CPU
		Release|Any CPU = Release|Any CPU
	EndGlobalSection
	GlobalSection(ProjectConfigurationPlatforms) = postSolution
		{D2840CEA-5E0B-4474-B74F-B5E0F868EF69}.Debug|Any CPU.ActiveCfg = Debug|Any CPU
		{D2840CEA-5E0B-4474-B74F-B5E0F868EF69}.Debug|Any CPU.Build.0 = Debug|Any CPU
		{D2840CEA-5E0B-4474-B74F-B5E0F868EF69}.Release|Any CPU.ActiveCfg = Release|Any CPU
		{D2840CEA-5E0B-4474-B74F-B5E0F868EF69}.Release|Any CPU.Build.0 = Release|Any CPU
	EndGlobalSection
	GlobalSection(SolutionProperties) = preSolution
		HideSolutionNode = FALSE
	EndGlobalSection
	GlobalSection(ExtensibilityGlobals) = postSolution
		SolutionGuid = {28251819-71EA-4366-A4B4-2412F2AEFE31}
	EndGlobalSection
EndGlobal
